
Microsoft Visual Studio Solution File, Format Version 12.00
# Visual Studio Version 16
VisualStudioVersion = 16.0.31702.278
MinimumVisualStudioVersion = 10.0.40219.1
Project("{FAE04EC0-301F-11D3-BF4B-00C04F79EFBC}") = "QuizzerBackend", "QuizzerBackend\QuizzerBackend.csproj", "{617E2D57-4A2F-4F07-9117-BB7AAEC2CE6C}"
EndProject
Global
	GlobalSection(SolutionConfigurationPlatforms) = preSolution
		Debug|Any CPU = Debug|Any CPU
		Release|Any CPU = Release|Any CPU
	EndGlobalSection
	GlobalSection(ProjectConfigurationPlatforms) = postSolution
		{617E2D57-4A2F-4F07-9117-BB7AAEC2CE6C}.Debug|Any CPU.ActiveCfg = Debug|Any CPU
		{617E2D57-4A2F-4F07-9117-BB7AAEC2CE6C}.Debug|Any CPU.Build.0 = Debug|Any CPU
		{617E2D57-4A2F-4F07-9117-BB7AAEC2CE6C}.Release|Any CPU.ActiveCfg = Release|Any CPU
		{617E2D57-4A2F-4F07-9117-BB7AAEC2CE6C}.Release|Any CPU.Build.0 = Release|Any CPU
	EndGlobalSection
	GlobalSection(SolutionProperties) = preSolution
		HideSolutionNode = FALSE
	EndGlobalSection
	GlobalSection(ExtensibilityGlobals) = postSolution
		SolutionGuid = {4A2D2014-A6DF-469A-A432-177474FF4777}
	EndGlobalSection
EndGlobal
